
Microsoft Visual Studio Solution File, Format Version 12.00
# Visual Studio Version 17
VisualStudioVersion = 17.5.33312.197
MinimumVisualStudioVersion = 10.0.40219.1
Project("{9A19103F-16F7-4668-BE54-9A1E7A4F7556}") = "CoreApp", "CoreApp\CoreApp.csproj", "{0671F25D-F67B-4C11-8F6E-474A5725172C}"
EndProject
Project("{FAE04EC0-301F-11D3-BF4B-00C04F79EFBC}") = "FrameworkApp", "FrameworkApp\FrameworkApp.csproj", "{D38B7B6E-C751-4F13-992B-7102195D6A42}"
EndProject
Project("{9A19103F-16F7-4668-BE54-9A1E7A4F7556}") = "Multi", "Multi\Multi.csproj", "{F0607275-7A42-429B-A654-E23887682801}"
EndProject
Project("{FAE04EC0-301F-11D3-BF4B-00C04F79EFBC}") = "net6_App", "net6_App\net6_App.csproj", "{5AABB93B-86D3-4361-918C-1AD01CC448FA}"
EndProject
Project("{FAE04EC0-301F-11D3-BF4B-00C04F79EFBC}") = "ReferencedProject", "ReferencedProject\ReferencedProject.csproj", "{926E702A-C464-4981-AB46-B8B81C4858E1}"
EndProject
Project("{FAE04EC0-301F-11D3-BF4B-00C04F79EFBC}") = "ReferencingProject1", "ReferencingProject1\ReferencingProject1.csproj", "{27A67559-5D23-45BC-9865-66333E30B4CE}"
EndProject
Project("{FAE04EC0-301F-11D3-BF4B-00C04F79EFBC}") = "ReferencingProject2", "ReferencingProject2\ReferencingProject2.csproj", "{D695E527-A7DD-4539-A828-2C595D1339E2}"
EndProject
Global
	GlobalSection(SolutionConfigurationPlatforms) = preSolution
		Debug|Any CPU = Debug|Any CPU
		Release|Any CPU = Release|Any CPU
	EndGlobalSection
	GlobalSection(ProjectConfigurationPlatforms) = postSolution
		{0671F25D-F67B-4C11-8F6E-474A5725172C}.Debug|Any CPU.ActiveCfg = Debug|Any CPU
		{0671F25D-F67B-4C11-8F6E-474A5725172C}.Debug|Any CPU.Build.0 = Debug|Any CPU
		{0671F25D-F67B-4C11-8F6E-474A5725172C}.Release|Any CPU.ActiveCfg = Release|Any CPU
		{0671F25D-F67B-4C11-8F6E-474A5725172C}.Release|Any CPU.Build.0 = Release|Any CPU
		{D38B7B6E-C751-4F13-992B-7102195D6A42}.Debug|Any CPU.ActiveCfg = Debug|Any CPU
		{D38B7B6E-C751-4F13-992B-7102195D6A42}.Debug|Any CPU.Build.0 = Debug|Any CPU
		{D38B7B6E-C751-4F13-992B-7102195D6A42}.Release|Any CPU.ActiveCfg = Release|Any CPU
		{D38B7B6E-C751-4F13-992B-7102195D6A42}.Release|Any CPU.Build.0 = Release|Any CPU
		{F0607275-7A42-429B-A654-E23887682801}.Debug|Any CPU.ActiveCfg = Debug|Any CPU
		{F0607275-7A42-429B-A654-E23887682801}.Debug|Any CPU.Build.0 = Debug|Any CPU
		{F0607275-7A42-429B-A654-E23887682801}.Release|Any CPU.ActiveCfg = Release|Any CPU
		{F0607275-7A42-429B-A654-E23887682801}.Release|Any CPU.Build.0 = Release|Any CPU
		{5AABB93B-86D3-4361-918C-1AD01CC448FA}.Debug|Any CPU.ActiveCfg = Debug|Any CPU
		{5AABB93B-86D3-4361-918C-1AD01CC448FA}.Debug|Any CPU.Build.0 = Debug|Any CPU
		{5AABB93B-86D3-4361-918C-1AD01CC448FA}.Release|Any CPU.ActiveCfg = Release|Any CPU
		{5AABB93B-86D3-4361-918C-1AD01CC448FA}.Release|Any CPU.Build.0 = Release|Any CPU
		{926E702A-C464-4981-AB46-B8B81C4858E1}.Debug|Any CPU.ActiveCfg = Debug|Any CPU
		{926E702A-C464-4981-AB46-B8B81C4858E1}.Debug|Any CPU.Build.0 = Debug|Any CPU
		{926E702A-C464-4981-AB46-B8B81C4858E1}.Release|Any CPU.ActiveCfg = Release|Any CPU
		{926E702A-C464-4981-AB46-B8B81C4858E1}.Release|Any CPU.Build.0 = Release|Any CPU
		{27A67559-5D23-45BC-9865-66333E30B4CE}.Debug|Any CPU.ActiveCfg = Debug|Any CPU
		{27A67559-5D23-45BC-9865-66333E30B4CE}.Debug|Any CPU.Build.0 = Debug|Any CPU
		{27A67559-5D23-45BC-9865-66333E30B4CE}.Release|Any CPU.ActiveCfg = Release|Any CPU
		{27A67559-5D23-45BC-9865-66333E30B4CE}.Release|Any CPU.Build.0 = Release|Any CPU
		{D695E527-A7DD-4539-A828-2C595D1339E2}.Debug|Any CPU.ActiveCfg = Debug|Any CPU
		{D695E527-A7DD-4539-A828-2C595D1339E2}.Debug|Any CPU.Build.0 = Debug|Any CPU
		{D695E527-A7DD-4539-A828-2C595D1339E2}.Release|Any CPU.ActiveCfg = Release|Any CPU
		{D695E527-A7DD-4539-A828-2C595D1339E2}.Release|Any CPU.Build.0 = Release|Any CPU
	EndGlobalSection
	GlobalSection(SolutionProperties) = preSolution
		HideSolutionNode = FALSE
	EndGlobalSection
	GlobalSection(ExtensibilityGlobals) = postSolution
		SolutionGuid = {EB736707-75DD-435F-A7C2-DEC097C53398}
	EndGlobalSection
EndGlobal
