
Microsoft Visual Studio Solution File, Format Version 12.00
# Visual Studio Version 17
VisualStudioVersion = 17.5.33312.197
MinimumVisualStudioVersion = 10.0.40219.1
Project("{9A19103F-16F7-4668-BE54-9A1E7A4F7556}") = "CoreApp", "CoreApp\CoreApp.csproj", "{0671F25D-F67B-4C11-8F6E-474A5725172C}"
EndProject
Project("{FAE04EC0-301F-11D3-BF4B-00C04F79EFBC}") = "FrameworkApp", "FrameworkApp\FrameworkApp.csproj", "{D38B7B6E-C751-4F13-992B-7102195D6A42}"
EndProject
Project("{9A19103F-16F7-4668-BE54-9A1E7A4F7556}") = "Multi", "Multi\Multi.csproj", "{F0607275-7A42-429B-A654-E23887682801}"
EndProject
Project("{9A19103F-16F7-4668-BE54-9A1E7A4F7556}") = "net6_App", "net6_App\net6_App.csproj", "{5AABB93B-86D3-4361-918C-1AD01CC448FA}"
EndProject
Project("{9A19103F-16F7-4668-BE54-9A1E7A4F7556}") = "ReferencedProject", "ReferencedProject\ReferencedProject.csproj", "{926E702A-C464-4981-AB46-B8B81C4858E1}"
EndProject
Project("{9A19103F-16F7-4668-BE54-9A1E7A4F7556}") = "ReferencingProject1", "ReferencingProject1\ReferencingProject1.csproj", "{27A67559-5D23-45BC-9865-66333E30B4CE}"
EndProject
Project("{9A19103F-16F7-4668-BE54-9A1E7A4F7556}") = "ReferencingProject2", "ReferencingProject2\ReferencingProject2.csproj", "{D695E527-A7DD-4539-A828-2C595D1339E2}"
EndProject
Project("{9A19103F-16F7-4668-BE54-9A1E7A4F7556}") = "WpfCore", "WpfCore\WpfCore.csproj", "{B6C0682F-ABA0-4EE8-89E2-77B6B934CE70}"
EndProject
Project("{D954291E-2A0B-460D-934E-DC6B0785DB48}") = "Shared", "Shared\Shared.shproj", "{CD3BFF80-4A9C-4BF9-A18A-2737F4AEE959}"
EndProject
Project("{9A19103F-16F7-4668-BE54-9A1E7A4F7556}") = "UseShared", "UseShared\UseShared.csproj", "{152FBD86-E541-4AD0-A7CF-57EE0386EE61}"
EndProject
Project("{FAE04EC0-301F-11D3-BF4B-00C04F79EFBC}") = "UseShared_Framework", "UseShared_Framework\UseShared_Framework.csproj", "{306523D0-D778-41AA-AD51-A1161308EB6F}"
EndProject
Project("{2150E333-8FDC-42A3-9474-1A3956D46DE8}") = "SolutionFolder1", "SolutionFolder1", "{BD992DDC-1896-489C-B1E6-20BB4984E93D}"
EndProject
Project("{9A19103F-16F7-4668-BE54-9A1E7A4F7556}") = "Nuget", "Nuget\Nuget.csproj", "{BFB18082-90DF-46AC-AA68-28CB12CF95AE}"
EndProject
Project("{9A19103F-16F7-4668-BE54-9A1E7A4F7556}") = "UseNuget", "UseNuget\UseNuget.csproj", "{78AE380F-0F62-4171-B5BF-A02ACB4FD3D4}"
EndProject
Project("{778DAE3C-4631-46EA-AA77-85C1314464D9}") = "VB_Core", "VB_Core\VB_Core.vbproj", "{1858CFEA-D285-471F-A850-3AB1D6D8858B}"
EndProject
Project("{F184B08F-C81C-45F6-A57F-5ABD9991F28F}") = "VB_Framework", "VB_Framework\VB_Framework.vbproj", "{83C63D70-EE46-4A7B-9675-1C2D649BE6E7}"
EndProject
Project("{2150E333-8FDC-42A3-9474-1A3956D46DE8}") = "VB", "VB", "{67383A40-1974-4FE6-A319-C67DAF81FDBF}"
EndProject
Project("{2150E333-8FDC-42A3-9474-1A3956D46DE8}") = "Cpp", "Cpp", "{45E3B4E4-168C-4A89-96E7-46399E6D894B}"
EndProject
Project("{8BC9CEB8-8B4A-11D0-8D11-00A0C91BC942}") = "Cpp1", "Cpp1\Cpp1.vcxproj", "{65AD093A-5FE0-46F8-80F1-DEDF33BCACD0}"
EndProject
Project("{2150E333-8FDC-42A3-9474-1A3956D46DE8}") = "NewFolder1", "NewFolder1", "{633EB630-F274-47A2-B33D-67A41FDE2509}"
EndProject
Project("{9A19103F-16F7-4668-BE54-9A1E7A4F7556}") = "Cshtml", "MVC\Cshtml.csproj", "{FC3EC05B-B8BE-4B4A-AABD-848492A85F9A}"
EndProject
Project("{9A19103F-16F7-4668-BE54-9A1E7A4F7556}") = "Blazor", "Blazor\Blazor.csproj", "{74B0A191-2F46-435A-8912-2E4F140A04E7}"
EndProject
Project("{9A19103F-16F7-4668-BE54-9A1E7A4F7556}") = "MVC_Core", "MVC_Core\MVC_Core.csproj", "{5BCF82A2-4082-4295-A2C6-BAED0060788F}"
EndProject
Project("{FAE04EC0-301F-11D3-BF4B-00C04F79EFBC}") = "WinForms_Core", "WinForms_Core\WinForms_Core.csproj", "{851C5361-6AFE-44AF-9621-B62A90F812E4}"
EndProject
Project("{FAE04EC0-301F-11D3-BF4B-00C04F79EFBC}") = "WindowsForms_Framework", "WindowsForms_Framework\WindowsForms_Framework.csproj", "{9B43A0E1-D025-43D5-835D-5A35B58CD059}"
EndProject
Project("{FAE04EC0-301F-11D3-BF4B-00C04F79EFBC}") = "Aspx", "Aspx\Aspx.csproj", "{2F3AC761-D672-490D-B7AB-2F9F64505F78}"
EndProject
Global
	GlobalSection(SolutionConfigurationPlatforms) = preSolution
		Debug|Any CPU = Debug|Any CPU
		Debug|x64 = Debug|x64
		Debug|x86 = Debug|x86
		Release|Any CPU = Release|Any CPU
		Release|x64 = Release|x64
		Release|x86 = Release|x86
	EndGlobalSection
	GlobalSection(ProjectConfigurationPlatforms) = postSolution
		{0671F25D-F67B-4C11-8F6E-474A5725172C}.Debug|Any CPU.ActiveCfg = Debug|Any CPU
		{0671F25D-F67B-4C11-8F6E-474A5725172C}.Debug|Any CPU.Build.0 = Debug|Any CPU
		{0671F25D-F67B-4C11-8F6E-474A5725172C}.Debug|x64.ActiveCfg = Debug|Any CPU
		{0671F25D-F67B-4C11-8F6E-474A5725172C}.Debug|x64.Build.0 = Debug|Any CPU
		{0671F25D-F67B-4C11-8F6E-474A5725172C}.Debug|x86.ActiveCfg = Debug|Any CPU
		{0671F25D-F67B-4C11-8F6E-474A5725172C}.Debug|x86.Build.0 = Debug|Any CPU
		{0671F25D-F67B-4C11-8F6E-474A5725172C}.Release|Any CPU.ActiveCfg = Release|Any CPU
		{0671F25D-F67B-4C11-8F6E-474A5725172C}.Release|Any CPU.Build.0 = Release|Any CPU
		{0671F25D-F67B-4C11-8F6E-474A5725172C}.Release|x64.ActiveCfg = Release|Any CPU
		{0671F25D-F67B-4C11-8F6E-474A5725172C}.Release|x64.Build.0 = Release|Any CPU
		{0671F25D-F67B-4C11-8F6E-474A5725172C}.Release|x86.ActiveCfg = Release|Any CPU
		{0671F25D-F67B-4C11-8F6E-474A5725172C}.Release|x86.Build.0 = Release|Any CPU
		{D38B7B6E-C751-4F13-992B-7102195D6A42}.Debug|Any CPU.ActiveCfg = Debug|Any CPU
		{D38B7B6E-C751-4F13-992B-7102195D6A42}.Debug|Any CPU.Build.0 = Debug|Any CPU
		{D38B7B6E-C751-4F13-992B-7102195D6A42}.Debug|x64.ActiveCfg = Debug|Any CPU
		{D38B7B6E-C751-4F13-992B-7102195D6A42}.Debug|x64.Build.0 = Debug|Any CPU
		{D38B7B6E-C751-4F13-992B-7102195D6A42}.Debug|x86.ActiveCfg = Debug|Any CPU
		{D38B7B6E-C751-4F13-992B-7102195D6A42}.Debug|x86.Build.0 = Debug|Any CPU
		{D38B7B6E-C751-4F13-992B-7102195D6A42}.Release|Any CPU.ActiveCfg = Release|Any CPU
		{D38B7B6E-C751-4F13-992B-7102195D6A42}.Release|Any CPU.Build.0 = Release|Any CPU
		{D38B7B6E-C751-4F13-992B-7102195D6A42}.Release|x64.ActiveCfg = Release|Any CPU
		{D38B7B6E-C751-4F13-992B-7102195D6A42}.Release|x64.Build.0 = Release|Any CPU
		{D38B7B6E-C751-4F13-992B-7102195D6A42}.Release|x86.ActiveCfg = Release|Any CPU
		{D38B7B6E-C751-4F13-992B-7102195D6A42}.Release|x86.Build.0 = Release|Any CPU
		{F0607275-7A42-429B-A654-E23887682801}.Debug|Any CPU.ActiveCfg = Debug|Any CPU
		{F0607275-7A42-429B-A654-E23887682801}.Debug|Any CPU.Build.0 = Debug|Any CPU
		{F0607275-7A42-429B-A654-E23887682801}.Debug|x64.ActiveCfg = Debug|Any CPU
		{F0607275-7A42-429B-A654-E23887682801}.Debug|x64.Build.0 = Debug|Any CPU
		{F0607275-7A42-429B-A654-E23887682801}.Debug|x86.ActiveCfg = Debug|Any CPU
		{F0607275-7A42-429B-A654-E23887682801}.Debug|x86.Build.0 = Debug|Any CPU
		{F0607275-7A42-429B-A654-E23887682801}.Release|Any CPU.ActiveCfg = Release|Any CPU
		{F0607275-7A42-429B-A654-E23887682801}.Release|Any CPU.Build.0 = Release|Any CPU
		{F0607275-7A42-429B-A654-E23887682801}.Release|x64.ActiveCfg = Release|Any CPU
		{F0607275-7A42-429B-A654-E23887682801}.Release|x64.Build.0 = Release|Any CPU
		{F0607275-7A42-429B-A654-E23887682801}.Release|x86.ActiveCfg = Release|Any CPU
		{F0607275-7A42-429B-A654-E23887682801}.Release|x86.Build.0 = Release|Any CPU
		{5AABB93B-86D3-4361-918C-1AD01CC448FA}.Debug|Any CPU.ActiveCfg = Debug|Any CPU
		{5AABB93B-86D3-4361-918C-1AD01CC448FA}.Debug|Any CPU.Build.0 = Debug|Any CPU
		{5AABB93B-86D3-4361-918C-1AD01CC448FA}.Debug|x64.ActiveCfg = Debug|Any CPU
		{5AABB93B-86D3-4361-918C-1AD01CC448FA}.Debug|x64.Build.0 = Debug|Any CPU
		{5AABB93B-86D3-4361-918C-1AD01CC448FA}.Debug|x86.ActiveCfg = Debug|Any CPU
		{5AABB93B-86D3-4361-918C-1AD01CC448FA}.Debug|x86.Build.0 = Debug|Any CPU
		{5AABB93B-86D3-4361-918C-1AD01CC448FA}.Release|Any CPU.ActiveCfg = Release|Any CPU
		{5AABB93B-86D3-4361-918C-1AD01CC448FA}.Release|Any CPU.Build.0 = Release|Any CPU
		{5AABB93B-86D3-4361-918C-1AD01CC448FA}.Release|x64.ActiveCfg = Release|Any CPU
		{5AABB93B-86D3-4361-918C-1AD01CC448FA}.Release|x64.Build.0 = Release|Any CPU
		{5AABB93B-86D3-4361-918C-1AD01CC448FA}.Release|x86.ActiveCfg = Release|Any CPU
		{5AABB93B-86D3-4361-918C-1AD01CC448FA}.Release|x86.Build.0 = Release|Any CPU
		{926E702A-C464-4981-AB46-B8B81C4858E1}.Debug|Any CPU.ActiveCfg = Debug|Any CPU
		{926E702A-C464-4981-AB46-B8B81C4858E1}.Debug|Any CPU.Build.0 = Debug|Any CPU
		{926E702A-C464-4981-AB46-B8B81C4858E1}.Debug|x64.ActiveCfg = Debug|Any CPU
		{926E702A-C464-4981-AB46-B8B81C4858E1}.Debug|x64.Build.0 = Debug|Any CPU
		{926E702A-C464-4981-AB46-B8B81C4858E1}.Debug|x86.ActiveCfg = Debug|Any CPU
		{926E702A-C464-4981-AB46-B8B81C4858E1}.Debug|x86.Build.0 = Debug|Any CPU
		{926E702A-C464-4981-AB46-B8B81C4858E1}.Release|Any CPU.ActiveCfg = Release|Any CPU
		{926E702A-C464-4981-AB46-B8B81C4858E1}.Release|Any CPU.Build.0 = Release|Any CPU
		{926E702A-C464-4981-AB46-B8B81C4858E1}.Release|x64.ActiveCfg = Release|Any CPU
		{926E702A-C464-4981-AB46-B8B81C4858E1}.Release|x64.Build.0 = Release|Any CPU
		{926E702A-C464-4981-AB46-B8B81C4858E1}.Release|x86.ActiveCfg = Release|Any CPU
		{926E702A-C464-4981-AB46-B8B81C4858E1}.Release|x86.Build.0 = Release|Any CPU
		{27A67559-5D23-45BC-9865-66333E30B4CE}.Debug|Any CPU.ActiveCfg = Debug|Any CPU
		{27A67559-5D23-45BC-9865-66333E30B4CE}.Debug|Any CPU.Build.0 = Debug|Any CPU
		{27A67559-5D23-45BC-9865-66333E30B4CE}.Debug|x64.ActiveCfg = Debug|Any CPU
		{27A67559-5D23-45BC-9865-66333E30B4CE}.Debug|x64.Build.0 = Debug|Any CPU
		{27A67559-5D23-45BC-9865-66333E30B4CE}.Debug|x86.ActiveCfg = Debug|Any CPU
		{27A67559-5D23-45BC-9865-66333E30B4CE}.Debug|x86.Build.0 = Debug|Any CPU
		{27A67559-5D23-45BC-9865-66333E30B4CE}.Release|Any CPU.ActiveCfg = Release|Any CPU
		{27A67559-5D23-45BC-9865-66333E30B4CE}.Release|Any CPU.Build.0 = Release|Any CPU
		{27A67559-5D23-45BC-9865-66333E30B4CE}.Release|x64.ActiveCfg = Release|Any CPU
		{27A67559-5D23-45BC-9865-66333E30B4CE}.Release|x64.Build.0 = Release|Any CPU
		{27A67559-5D23-45BC-9865-66333E30B4CE}.Release|x86.ActiveCfg = Release|Any CPU
		{27A67559-5D23-45BC-9865-66333E30B4CE}.Release|x86.Build.0 = Release|Any CPU
		{D695E527-A7DD-4539-A828-2C595D1339E2}.Debug|Any CPU.ActiveCfg = Debug|Any CPU
		{D695E527-A7DD-4539-A828-2C595D1339E2}.Debug|Any CPU.Build.0 = Debug|Any CPU
		{D695E527-A7DD-4539-A828-2C595D1339E2}.Debug|x64.ActiveCfg = Debug|Any CPU
		{D695E527-A7DD-4539-A828-2C595D1339E2}.Debug|x64.Build.0 = Debug|Any CPU
		{D695E527-A7DD-4539-A828-2C595D1339E2}.Debug|x86.ActiveCfg = Debug|Any CPU
		{D695E527-A7DD-4539-A828-2C595D1339E2}.Debug|x86.Build.0 = Debug|Any CPU
		{D695E527-A7DD-4539-A828-2C595D1339E2}.Release|Any CPU.ActiveCfg = Release|Any CPU
		{D695E527-A7DD-4539-A828-2C595D1339E2}.Release|Any CPU.Build.0 = Release|Any CPU
		{D695E527-A7DD-4539-A828-2C595D1339E2}.Release|x64.ActiveCfg = Release|Any CPU
		{D695E527-A7DD-4539-A828-2C595D1339E2}.Release|x64.Build.0 = Release|Any CPU
		{D695E527-A7DD-4539-A828-2C595D1339E2}.Release|x86.ActiveCfg = Release|Any CPU
		{D695E527-A7DD-4539-A828-2C595D1339E2}.Release|x86.Build.0 = Release|Any CPU
		{B6C0682F-ABA0-4EE8-89E2-77B6B934CE70}.Debug|Any CPU.ActiveCfg = Debug|Any CPU
		{B6C0682F-ABA0-4EE8-89E2-77B6B934CE70}.Debug|Any CPU.Build.0 = Debug|Any CPU
		{B6C0682F-ABA0-4EE8-89E2-77B6B934CE70}.Debug|x64.ActiveCfg = Debug|Any CPU
		{B6C0682F-ABA0-4EE8-89E2-77B6B934CE70}.Debug|x64.Build.0 = Debug|Any CPU
		{B6C0682F-ABA0-4EE8-89E2-77B6B934CE70}.Debug|x86.ActiveCfg = Debug|Any CPU
		{B6C0682F-ABA0-4EE8-89E2-77B6B934CE70}.Debug|x86.Build.0 = Debug|Any CPU
		{B6C0682F-ABA0-4EE8-89E2-77B6B934CE70}.Release|Any CPU.ActiveCfg = Release|Any CPU
		{B6C0682F-ABA0-4EE8-89E2-77B6B934CE70}.Release|Any CPU.Build.0 = Release|Any CPU
		{B6C0682F-ABA0-4EE8-89E2-77B6B934CE70}.Release|x64.ActiveCfg = Release|Any CPU
		{B6C0682F-ABA0-4EE8-89E2-77B6B934CE70}.Release|x64.Build.0 = Release|Any CPU
		{B6C0682F-ABA0-4EE8-89E2-77B6B934CE70}.Release|x86.ActiveCfg = Release|Any CPU
		{B6C0682F-ABA0-4EE8-89E2-77B6B934CE70}.Release|x86.Build.0 = Release|Any CPU
		{152FBD86-E541-4AD0-A7CF-57EE0386EE61}.Debug|Any CPU.ActiveCfg = Debug|Any CPU
		{152FBD86-E541-4AD0-A7CF-57EE0386EE61}.Debug|Any CPU.Build.0 = Debug|Any CPU
		{152FBD86-E541-4AD0-A7CF-57EE0386EE61}.Debug|x64.ActiveCfg = Debug|Any CPU
		{152FBD86-E541-4AD0-A7CF-57EE0386EE61}.Debug|x64.Build.0 = Debug|Any CPU
		{152FBD86-E541-4AD0-A7CF-57EE0386EE61}.Debug|x86.ActiveCfg = Debug|Any CPU
		{152FBD86-E541-4AD0-A7CF-57EE0386EE61}.Debug|x86.Build.0 = Debug|Any CPU
		{152FBD86-E541-4AD0-A7CF-57EE0386EE61}.Release|Any CPU.ActiveCfg = Release|Any CPU
		{152FBD86-E541-4AD0-A7CF-57EE0386EE61}.Release|Any CPU.Build.0 = Release|Any CPU
		{152FBD86-E541-4AD0-A7CF-57EE0386EE61}.Release|x64.ActiveCfg = Release|Any CPU
		{152FBD86-E541-4AD0-A7CF-57EE0386EE61}.Release|x64.Build.0 = Release|Any CPU
		{152FBD86-E541-4AD0-A7CF-57EE0386EE61}.Release|x86.ActiveCfg = Release|Any CPU
		{152FBD86-E541-4AD0-A7CF-57EE0386EE61}.Release|x86.Build.0 = Release|Any CPU
		{306523D0-D778-41AA-AD51-A1161308EB6F}.Debug|Any CPU.ActiveCfg = Debug|Any CPU
		{306523D0-D778-41AA-AD51-A1161308EB6F}.Debug|Any CPU.Build.0 = Debug|Any CPU
		{306523D0-D778-41AA-AD51-A1161308EB6F}.Debug|x64.ActiveCfg = Debug|Any CPU
		{306523D0-D778-41AA-AD51-A1161308EB6F}.Debug|x64.Build.0 = Debug|Any CPU
		{306523D0-D778-41AA-AD51-A1161308EB6F}.Debug|x86.ActiveCfg = Debug|Any CPU
		{306523D0-D778-41AA-AD51-A1161308EB6F}.Debug|x86.Build.0 = Debug|Any CPU
		{306523D0-D778-41AA-AD51-A1161308EB6F}.Release|Any CPU.ActiveCfg = Release|Any CPU
		{306523D0-D778-41AA-AD51-A1161308EB6F}.Release|Any CPU.Build.0 = Release|Any CPU
		{306523D0-D778-41AA-AD51-A1161308EB6F}.Release|x64.ActiveCfg = Release|Any CPU
		{306523D0-D778-41AA-AD51-A1161308EB6F}.Release|x64.Build.0 = Release|Any CPU
		{306523D0-D778-41AA-AD51-A1161308EB6F}.Release|x86.ActiveCfg = Release|Any CPU
		{306523D0-D778-41AA-AD51-A1161308EB6F}.Release|x86.Build.0 = Release|Any CPU
		{BFB18082-90DF-46AC-AA68-28CB12CF95AE}.Debug|Any CPU.ActiveCfg = Debug|Any CPU
		{BFB18082-90DF-46AC-AA68-28CB12CF95AE}.Debug|Any CPU.Build.0 = Debug|Any CPU
		{BFB18082-90DF-46AC-AA68-28CB12CF95AE}.Debug|x64.ActiveCfg = Debug|Any CPU
		{BFB18082-90DF-46AC-AA68-28CB12CF95AE}.Debug|x64.Build.0 = Debug|Any CPU
		{BFB18082-90DF-46AC-AA68-28CB12CF95AE}.Debug|x86.ActiveCfg = Debug|Any CPU
		{BFB18082-90DF-46AC-AA68-28CB12CF95AE}.Debug|x86.Build.0 = Debug|Any CPU
		{BFB18082-90DF-46AC-AA68-28CB12CF95AE}.Release|Any CPU.ActiveCfg = Release|Any CPU
		{BFB18082-90DF-46AC-AA68-28CB12CF95AE}.Release|Any CPU.Build.0 = Release|Any CPU
		{BFB18082-90DF-46AC-AA68-28CB12CF95AE}.Release|x64.ActiveCfg = Release|Any CPU
		{BFB18082-90DF-46AC-AA68-28CB12CF95AE}.Release|x64.Build.0 = Release|Any CPU
		{BFB18082-90DF-46AC-AA68-28CB12CF95AE}.Release|x86.ActiveCfg = Release|Any CPU
		{BFB18082-90DF-46AC-AA68-28CB12CF95AE}.Release|x86.Build.0 = Release|Any CPU
		{78AE380F-0F62-4171-B5BF-A02ACB4FD3D4}.Debug|Any CPU.ActiveCfg = Debug|Any CPU
		{78AE380F-0F62-4171-B5BF-A02ACB4FD3D4}.Debug|Any CPU.Build.0 = Debug|Any CPU
		{78AE380F-0F62-4171-B5BF-A02ACB4FD3D4}.Debug|x64.ActiveCfg = Debug|Any CPU
		{78AE380F-0F62-4171-B5BF-A02ACB4FD3D4}.Debug|x64.Build.0 = Debug|Any CPU
		{78AE380F-0F62-4171-B5BF-A02ACB4FD3D4}.Debug|x86.ActiveCfg = Debug|Any CPU
		{78AE380F-0F62-4171-B5BF-A02ACB4FD3D4}.Debug|x86.Build.0 = Debug|Any CPU
		{78AE380F-0F62-4171-B5BF-A02ACB4FD3D4}.Release|Any CPU.ActiveCfg = Release|Any CPU
		{78AE380F-0F62-4171-B5BF-A02ACB4FD3D4}.Release|Any CPU.Build.0 = Release|Any CPU
		{78AE380F-0F62-4171-B5BF-A02ACB4FD3D4}.Release|x64.ActiveCfg = Release|Any CPU
		{78AE380F-0F62-4171-B5BF-A02ACB4FD3D4}.Release|x64.Build.0 = Release|Any CPU
		{78AE380F-0F62-4171-B5BF-A02ACB4FD3D4}.Release|x86.ActiveCfg = Release|Any CPU
		{78AE380F-0F62-4171-B5BF-A02ACB4FD3D4}.Release|x86.Build.0 = Release|Any CPU
		{1858CFEA-D285-471F-A850-3AB1D6D8858B}.Debug|Any CPU.ActiveCfg = Debug|Any CPU
		{1858CFEA-D285-471F-A850-3AB1D6D8858B}.Debug|Any CPU.Build.0 = Debug|Any CPU
		{1858CFEA-D285-471F-A850-3AB1D6D8858B}.Debug|x64.ActiveCfg = Debug|Any CPU
		{1858CFEA-D285-471F-A850-3AB1D6D8858B}.Debug|x64.Build.0 = Debug|Any CPU
		{1858CFEA-D285-471F-A850-3AB1D6D8858B}.Debug|x86.ActiveCfg = Debug|Any CPU
		{1858CFEA-D285-471F-A850-3AB1D6D8858B}.Debug|x86.Build.0 = Debug|Any CPU
		{1858CFEA-D285-471F-A850-3AB1D6D8858B}.Release|Any CPU.ActiveCfg = Release|Any CPU
		{1858CFEA-D285-471F-A850-3AB1D6D8858B}.Release|Any CPU.Build.0 = Release|Any CPU
		{1858CFEA-D285-471F-A850-3AB1D6D8858B}.Release|x64.ActiveCfg = Release|Any CPU
		{1858CFEA-D285-471F-A850-3AB1D6D8858B}.Release|x64.Build.0 = Release|Any CPU
		{1858CFEA-D285-471F-A850-3AB1D6D8858B}.Release|x86.ActiveCfg = Release|Any CPU
		{1858CFEA-D285-471F-A850-3AB1D6D8858B}.Release|x86.Build.0 = Release|Any CPU
		{83C63D70-EE46-4A7B-9675-1C2D649BE6E7}.Debug|Any CPU.ActiveCfg = Debug|Any CPU
		{83C63D70-EE46-4A7B-9675-1C2D649BE6E7}.Debug|Any CPU.Build.0 = Debug|Any CPU
		{83C63D70-EE46-4A7B-9675-1C2D649BE6E7}.Debug|x64.ActiveCfg = Debug|Any CPU
		{83C63D70-EE46-4A7B-9675-1C2D649BE6E7}.Debug|x64.Build.0 = Debug|Any CPU
		{83C63D70-EE46-4A7B-9675-1C2D649BE6E7}.Debug|x86.ActiveCfg = Debug|Any CPU
		{83C63D70-EE46-4A7B-9675-1C2D649BE6E7}.Debug|x86.Build.0 = Debug|Any CPU
		{83C63D70-EE46-4A7B-9675-1C2D649BE6E7}.Release|Any CPU.ActiveCfg = Release|Any CPU
		{83C63D70-EE46-4A7B-9675-1C2D649BE6E7}.Release|Any CPU.Build.0 = Release|Any CPU
		{83C63D70-EE46-4A7B-9675-1C2D649BE6E7}.Release|x64.ActiveCfg = Release|Any CPU
		{83C63D70-EE46-4A7B-9675-1C2D649BE6E7}.Release|x64.Build.0 = Release|Any CPU
		{83C63D70-EE46-4A7B-9675-1C2D649BE6E7}.Release|x86.ActiveCfg = Release|Any CPU
		{83C63D70-EE46-4A7B-9675-1C2D649BE6E7}.Release|x86.Build.0 = Release|Any CPU
		{65AD093A-5FE0-46F8-80F1-DEDF33BCACD0}.Debug|Any CPU.ActiveCfg = Debug|x64
		{65AD093A-5FE0-46F8-80F1-DEDF33BCACD0}.Debug|Any CPU.Build.0 = Debug|x64
		{65AD093A-5FE0-46F8-80F1-DEDF33BCACD0}.Debug|x64.ActiveCfg = Debug|x64
		{65AD093A-5FE0-46F8-80F1-DEDF33BCACD0}.Debug|x64.Build.0 = Debug|x64
		{65AD093A-5FE0-46F8-80F1-DEDF33BCACD0}.Debug|x86.ActiveCfg = Debug|Win32
		{65AD093A-5FE0-46F8-80F1-DEDF33BCACD0}.Debug|x86.Build.0 = Debug|Win32
		{65AD093A-5FE0-46F8-80F1-DEDF33BCACD0}.Release|Any CPU.ActiveCfg = Release|x64
		{65AD093A-5FE0-46F8-80F1-DEDF33BCACD0}.Release|Any CPU.Build.0 = Release|x64
		{65AD093A-5FE0-46F8-80F1-DEDF33BCACD0}.Release|x64.ActiveCfg = Release|x64
		{65AD093A-5FE0-46F8-80F1-DEDF33BCACD0}.Release|x64.Build.0 = Release|x64
		{65AD093A-5FE0-46F8-80F1-DEDF33BCACD0}.Release|x86.ActiveCfg = Release|Win32
		{65AD093A-5FE0-46F8-80F1-DEDF33BCACD0}.Release|x86.Build.0 = Release|Win32
		{FC3EC05B-B8BE-4B4A-AABD-848492A85F9A}.Debug|Any CPU.ActiveCfg = Debug|Any CPU
		{FC3EC05B-B8BE-4B4A-AABD-848492A85F9A}.Debug|Any CPU.Build.0 = Debug|Any CPU
		{FC3EC05B-B8BE-4B4A-AABD-848492A85F9A}.Debug|x64.ActiveCfg = Debug|Any CPU
		{FC3EC05B-B8BE-4B4A-AABD-848492A85F9A}.Debug|x64.Build.0 = Debug|Any CPU
		{FC3EC05B-B8BE-4B4A-AABD-848492A85F9A}.Debug|x86.ActiveCfg = Debug|Any CPU
		{FC3EC05B-B8BE-4B4A-AABD-848492A85F9A}.Debug|x86.Build.0 = Debug|Any CPU
		{FC3EC05B-B8BE-4B4A-AABD-848492A85F9A}.Release|Any CPU.ActiveCfg = Release|Any CPU
		{FC3EC05B-B8BE-4B4A-AABD-848492A85F9A}.Release|Any CPU.Build.0 = Release|Any CPU
		{FC3EC05B-B8BE-4B4A-AABD-848492A85F9A}.Release|x64.ActiveCfg = Release|Any CPU
		{FC3EC05B-B8BE-4B4A-AABD-848492A85F9A}.Release|x64.Build.0 = Release|Any CPU
		{FC3EC05B-B8BE-4B4A-AABD-848492A85F9A}.Release|x86.ActiveCfg = Release|Any CPU
		{FC3EC05B-B8BE-4B4A-AABD-848492A85F9A}.Release|x86.Build.0 = Release|Any CPU
		{74B0A191-2F46-435A-8912-2E4F140A04E7}.Debug|Any CPU.ActiveCfg = Debug|Any CPU
		{74B0A191-2F46-435A-8912-2E4F140A04E7}.Debug|Any CPU.Build.0 = Debug|Any CPU
		{74B0A191-2F46-435A-8912-2E4F140A04E7}.Debug|x64.ActiveCfg = Debug|Any CPU
		{74B0A191-2F46-435A-8912-2E4F140A04E7}.Debug|x64.Build.0 = Debug|Any CPU
		{74B0A191-2F46-435A-8912-2E4F140A04E7}.Debug|x86.ActiveCfg = Debug|Any CPU
		{74B0A191-2F46-435A-8912-2E4F140A04E7}.Debug|x86.Build.0 = Debug|Any CPU
		{74B0A191-2F46-435A-8912-2E4F140A04E7}.Release|Any CPU.ActiveCfg = Release|Any CPU
		{74B0A191-2F46-435A-8912-2E4F140A04E7}.Release|Any CPU.Build.0 = Release|Any CPU
		{74B0A191-2F46-435A-8912-2E4F140A04E7}.Release|x64.ActiveCfg = Release|Any CPU
		{74B0A191-2F46-435A-8912-2E4F140A04E7}.Release|x64.Build.0 = Release|Any CPU
		{74B0A191-2F46-435A-8912-2E4F140A04E7}.Release|x86.ActiveCfg = Release|Any CPU
		{74B0A191-2F46-435A-8912-2E4F140A04E7}.Release|x86.Build.0 = Release|Any CPU
		{5BCF82A2-4082-4295-A2C6-BAED0060788F}.Debug|Any CPU.ActiveCfg = Debug|Any CPU
		{5BCF82A2-4082-4295-A2C6-BAED0060788F}.Debug|Any CPU.Build.0 = Debug|Any CPU
		{5BCF82A2-4082-4295-A2C6-BAED0060788F}.Debug|x64.ActiveCfg = Debug|Any CPU
		{5BCF82A2-4082-4295-A2C6-BAED0060788F}.Debug|x64.Build.0 = Debug|Any CPU
		{5BCF82A2-4082-4295-A2C6-BAED0060788F}.Debug|x86.ActiveCfg = Debug|Any CPU
		{5BCF82A2-4082-4295-A2C6-BAED0060788F}.Debug|x86.Build.0 = Debug|Any CPU
		{5BCF82A2-4082-4295-A2C6-BAED0060788F}.Release|Any CPU.ActiveCfg = Release|Any CPU
		{5BCF82A2-4082-4295-A2C6-BAED0060788F}.Release|Any CPU.Build.0 = Release|Any CPU
		{5BCF82A2-4082-4295-A2C6-BAED0060788F}.Release|x64.ActiveCfg = Release|Any CPU
		{5BCF82A2-4082-4295-A2C6-BAED0060788F}.Release|x64.Build.0 = Release|Any CPU
		{5BCF82A2-4082-4295-A2C6-BAED0060788F}.Release|x86.ActiveCfg = Release|Any CPU
		{5BCF82A2-4082-4295-A2C6-BAED0060788F}.Release|x86.Build.0 = Release|Any CPU
		{851C5361-6AFE-44AF-9621-B62A90F812E4}.Debug|Any CPU.ActiveCfg = Debug|Any CPU
		{851C5361-6AFE-44AF-9621-B62A90F812E4}.Debug|Any CPU.Build.0 = Debug|Any CPU
		{851C5361-6AFE-44AF-9621-B62A90F812E4}.Debug|x64.ActiveCfg = Debug|Any CPU
		{851C5361-6AFE-44AF-9621-B62A90F812E4}.Debug|x64.Build.0 = Debug|Any CPU
		{851C5361-6AFE-44AF-9621-B62A90F812E4}.Debug|x86.ActiveCfg = Debug|Any CPU
		{851C5361-6AFE-44AF-9621-B62A90F812E4}.Debug|x86.Build.0 = Debug|Any CPU
		{851C5361-6AFE-44AF-9621-B62A90F812E4}.Release|Any CPU.ActiveCfg = Release|Any CPU
		{851C5361-6AFE-44AF-9621-B62A90F812E4}.Release|Any CPU.Build.0 = Release|Any CPU
		{851C5361-6AFE-44AF-9621-B62A90F812E4}.Release|x64.ActiveCfg = Release|Any CPU
		{851C5361-6AFE-44AF-9621-B62A90F812E4}.Release|x64.Build.0 = Release|Any CPU
		{851C5361-6AFE-44AF-9621-B62A90F812E4}.Release|x86.ActiveCfg = Release|Any CPU
		{851C5361-6AFE-44AF-9621-B62A90F812E4}.Release|x86.Build.0 = Release|Any CPU
		{9B43A0E1-D025-43D5-835D-5A35B58CD059}.Debug|Any CPU.ActiveCfg = Debug|Any CPU
		{9B43A0E1-D025-43D5-835D-5A35B58CD059}.Debug|Any CPU.Build.0 = Debug|Any CPU
		{9B43A0E1-D025-43D5-835D-5A35B58CD059}.Debug|x64.ActiveCfg = Debug|Any CPU
		{9B43A0E1-D025-43D5-835D-5A35B58CD059}.Debug|x64.Build.0 = Debug|Any CPU
		{9B43A0E1-D025-43D5-835D-5A35B58CD059}.Debug|x86.ActiveCfg = Debug|Any CPU
		{9B43A0E1-D025-43D5-835D-5A35B58CD059}.Debug|x86.Build.0 = Debug|Any CPU
		{9B43A0E1-D025-43D5-835D-5A35B58CD059}.Release|Any CPU.ActiveCfg = Release|Any CPU
		{9B43A0E1-D025-43D5-835D-5A35B58CD059}.Release|Any CPU.Build.0 = Release|Any CPU
		{9B43A0E1-D025-43D5-835D-5A35B58CD059}.Release|x64.ActiveCfg = Release|Any CPU
		{9B43A0E1-D025-43D5-835D-5A35B58CD059}.Release|x64.Build.0 = Release|Any CPU
		{9B43A0E1-D025-43D5-835D-5A35B58CD059}.Release|x86.ActiveCfg = Release|Any CPU
		{9B43A0E1-D025-43D5-835D-5A35B58CD059}.Release|x86.Build.0 = Release|Any CPU
		{2F3AC761-D672-490D-B7AB-2F9F64505F78}.Debug|Any CPU.ActiveCfg = Debug|Any CPU
		{2F3AC761-D672-490D-B7AB-2F9F64505F78}.Debug|Any CPU.Build.0 = Debug|Any CPU
		{2F3AC761-D672-490D-B7AB-2F9F64505F78}.Debug|x64.ActiveCfg = Debug|Any CPU
		{2F3AC761-D672-490D-B7AB-2F9F64505F78}.Debug|x64.Build.0 = Debug|Any CPU
		{2F3AC761-D672-490D-B7AB-2F9F64505F78}.Debug|x86.ActiveCfg = Debug|Any CPU
		{2F3AC761-D672-490D-B7AB-2F9F64505F78}.Debug|x86.Build.0 = Debug|Any CPU
		{2F3AC761-D672-490D-B7AB-2F9F64505F78}.Release|Any CPU.ActiveCfg = Release|Any CPU
		{2F3AC761-D672-490D-B7AB-2F9F64505F78}.Release|Any CPU.Build.0 = Release|Any CPU
		{2F3AC761-D672-490D-B7AB-2F9F64505F78}.Release|x64.ActiveCfg = Release|Any CPU
		{2F3AC761-D672-490D-B7AB-2F9F64505F78}.Release|x64.Build.0 = Release|Any CPU
		{2F3AC761-D672-490D-B7AB-2F9F64505F78}.Release|x86.ActiveCfg = Release|Any CPU
		{2F3AC761-D672-490D-B7AB-2F9F64505F78}.Release|x86.Build.0 = Release|Any CPU
	EndGlobalSection
	GlobalSection(SolutionProperties) = preSolution
		HideSolutionNode = FALSE
	EndGlobalSection
	GlobalSection(NestedProjects) = preSolution
		{BFB18082-90DF-46AC-AA68-28CB12CF95AE} = {BD992DDC-1896-489C-B1E6-20BB4984E93D}
		{78AE380F-0F62-4171-B5BF-A02ACB4FD3D4} = {BD992DDC-1896-489C-B1E6-20BB4984E93D}
		{1858CFEA-D285-471F-A850-3AB1D6D8858B} = {67383A40-1974-4FE6-A319-C67DAF81FDBF}
		{83C63D70-EE46-4A7B-9675-1C2D649BE6E7} = {67383A40-1974-4FE6-A319-C67DAF81FDBF}
		{65AD093A-5FE0-46F8-80F1-DEDF33BCACD0} = {45E3B4E4-168C-4A89-96E7-46399E6D894B}
	EndGlobalSection
	GlobalSection(ExtensibilityGlobals) = postSolution
		SolutionGuid = {EB736707-75DD-435F-A7C2-DEC097C53398}
	EndGlobalSection
	GlobalSection(SharedMSBuildProjectFiles) = preSolution
		Shared\Shared.projitems*{152fbd86-e541-4ad0-a7cf-57ee0386ee61}*SharedItemsImports = 5
		Shared\Shared.projitems*{306523d0-d778-41aa-ad51-a1161308eb6f}*SharedItemsImports = 4
		Shared\Shared.projitems*{cd3bff80-4a9c-4bf9-a18a-2737f4aee959}*SharedItemsImports = 13
	EndGlobalSection
EndGlobal
